{
  "lockfileVersion": 1,
  "workspaces": {
    "": {
      "name": "ck-js",
      "dependencies": {
        "@clickhouse/client": "^1.11.1",
        "@clickhouse/client-web": "^1.11.1",
      },
      "devDependencies": {
        "@types/bun": "latest",
      },
      "peerDependencies": {
        "typescript": "^5",
      },
    },
  },
  "packages": {
    "@clickhouse/client": ["@clickhouse/client@1.11.1", "https://registry.npmmirror.com/@clickhouse/client/-/client-1.11.1.tgz", { "dependencies": { "@clickhouse/client-common": "1.11.1" } }, "sha512-u9h++h72SmWystijNqfNvMkfA+5+Y1LNfmLL/odCL3VgI3oyAPP9ubSw/Yrt2zRZkLKehMMD1kuOej0QHbSoBA=="],

    "@clickhouse/client-common": ["@clickhouse/client-common@1.11.1", "https://registry.npmmirror.com/@clickhouse/client-common/-/client-common-1.11.1.tgz", {}, "sha512-bme0le2yhDSAh13d2fxhSW5ZrNoVqZ3LTyac8jK6hNH0qkksXnjYkLS6KQalPU6NMpffxHmpI4+/Gi2MnX0NCA=="],

    "@clickhouse/client-web": ["@clickhouse/client-web@1.11.1", "https://registry.npmmirror.com/@clickhouse/client-web/-/client-web-1.11.1.tgz", { "dependencies": { "@clickhouse/client-common": "1.11.1" } }, "sha512-dRmve4Vh8tdnLo8tt77O+2Ye4FWBR9eBrJ3CsaoNS2Q6aQNwv0JbPUKIrU88ep2sg5kilmNfAXqWaJXehpYVRg=="],

    "@types/bun": ["@types/bun@1.2.15", "https://registry.npmmirror.com/@types/bun/-/bun-1.2.15.tgz", { "dependencies": { "bun-types": "1.2.15" } }, "sha512-U1ljPdBEphF0nw1MIk0hI7kPg7dFdPyM7EenHsp6W5loNHl7zqy6JQf/RKCgnUn2KDzUpkBwHPnEJEjII594bA=="],

    "@types/node": ["@types/node@22.15.29", "https://registry.npmmirror.com/@types/node/-/node-22.15.29.tgz", { "dependencies": { "undici-types": "~6.21.0" } }, "sha512-LNdjOkUDlU1RZb8e1kOIUpN1qQUlzGkEtbVNo53vbrwDg5om6oduhm4SiUaPW5ASTXhAiP0jInWG8Qx9fVlOeQ=="],

    "bun-types": ["bun-types@1.2.15", "https://registry.npmmirror.com/bun-types/-/bun-types-1.2.15.tgz", { "dependencies": { "@types/node": "*" } }, "sha512-NarRIaS+iOaQU1JPfyKhZm4AsUOrwUOqRNHY0XxI8GI8jYxiLXLcdjYMG9UKS+fwWasc1uw1htV9AX24dD+p4w=="],

    "typescript": ["typescript@5.8.3", "https://registry.npmmirror.com/typescript/-/typescript-5.8.3.tgz", { "bin": { "tsc": "bin/tsc", "tsserver": "bin/tsserver" } }, "sha512-p1diW6TqL9L07nNxvRMM7hMMw4c5XOo/1ibL4aAIGmSAt9slTE1Xgw5KWuof2uTOvCg9BY7ZRi+GaF+7sfgPeQ=="],

    "undici-types": ["undici-types@6.21.0", "https://registry.npmmirror.com/undici-types/-/undici-types-6.21.0.tgz", {}, "sha512-iwDZqg0QAGrg9Rav5H4n0M64c3mkR59cJ6wQp+7C4nI0gsmExaedaYLNO44eT4AtBBwjbTiGPMlt2Md0T9H9JQ=="],
  }
}
